
Microsoft Visual Studio Solution File, Format Version 12.00
# Visual Studio 15
VisualStudioVersion = 15.0.28307.271
MinimumVisualStudioVersion = 10.0.40219.1
Project("{FAE04EC0-301F-11D3-BF4B-00C04F79EFBC}") = "Experiment", "Experiment\Experiment.csproj", "{564B3162-A51D-49BF-AA8B-F79CD28F2EF2}"
EndProject
Project("{FAE04EC0-301F-11D3-BF4B-00C04F79EFBC}") = "ExperimentTest", "ExperimentTest\ExperimentTest.csproj", "{7AD9592D-12F0-4CE6-BF38-632C0F35C6F9}"
EndProject
Global
	GlobalSection(SolutionConfigurationPlatforms) = preSolution
		Debug|Any CPU = Debug|Any CPU
		Release|Any CPU = Release|Any CPU
	EndGlobalSection
	GlobalSection(ProjectConfigurationPlatforms) = postSolution
		{564B3162-A51D-49BF-AA8B-F79CD28F2EF2}.Debug|Any CPU.ActiveCfg = Debug|Any CPU
		{564B3162-A51D-49BF-AA8B-F79CD28F2EF2}.Debug|Any CPU.Build.0 = Debug|Any CPU
		{564B3162-A51D-49BF-AA8B-F79CD28F2EF2}.Release|Any CPU.ActiveCfg = Release|Any CPU
		{564B3162-A51D-49BF-AA8B-F79CD28F2EF2}.Release|Any CPU.Build.0 = Release|Any CPU
		{7AD9592D-12F0-4CE6-BF38-632C0F35C6F9}.Debug|Any CPU.ActiveCfg = Debug|Any CPU
		{7AD9592D-12F0-4CE6-BF38-632C0F35C6F9}.Debug|Any CPU.Build.0 = Debug|Any CPU
		{7AD9592D-12F0-4CE6-BF38-632C0F35C6F9}.Release|Any CPU.ActiveCfg = Release|Any CPU
		{7AD9592D-12F0-4CE6-BF38-632C0F35C6F9}.Release|Any CPU.Build.0 = Release|Any CPU
	EndGlobalSection
	GlobalSection(SolutionProperties) = preSolution
		HideSolutionNode = FALSE
	EndGlobalSection
	GlobalSection(ExtensibilityGlobals) = postSolution
		SolutionGuid = {D48BEB03-4B27-4DB5-A883-E94FFED6CC62}
	EndGlobalSection
EndGlobal
